
Microsoft Visual Studio Solution File, Format Version 12.00
# Visual Studio Version 16
VisualStudioVersion = 16.0.29519.181
MinimumVisualStudioVersion = 10.0.40219.1
Project("{FAE04EC0-301F-11D3-BF4B-00C04F79EFBC}") = "Fibonacci", "Fibonacci.csproj", "{FB94ABDA-38C8-4717-9FE7-509C4D8DA113}"
EndProject
Global
	GlobalSection(SolutionConfigurationPlatforms) = preSolution
		Debug|Any CPU = Debug|Any CPU
		Release|Any CPU = Release|Any CPU
	EndGlobalSection
	GlobalSection(ProjectConfigurationPlatforms) = postSolution
		{FB94ABDA-38C8-4717-9FE7-509C4D8DA113}.Debug|Any CPU.ActiveCfg = Debug|Any CPU
		{FB94ABDA-38C8-4717-9FE7-509C4D8DA113}.Debug|Any CPU.Build.0 = Debug|Any CPU
		{FB94ABDA-38C8-4717-9FE7-509C4D8DA113}.Release|Any CPU.ActiveCfg = Release|Any CPU
		{FB94ABDA-38C8-4717-9FE7-509C4D8DA113}.Release|Any CPU.Build.0 = Release|Any CPU
	EndGlobalSection
	GlobalSection(SolutionProperties) = preSolution
		HideSolutionNode = FALSE
	EndGlobalSection
	GlobalSection(ExtensibilityGlobals) = postSolution
		SolutionGuid = {643B3AD0-0AA1-4DB2-B2DD-63FD6759E109}
	EndGlobalSection
EndGlobal
